
Microsoft Visual Studio Solution File, Format Version 12.00
# Visual Studio Version 17
VisualStudioVersion = 17.9.34723.18
MinimumVisualStudioVersion = 10.0.40219.1
Project("{FAE04EC0-301F-11D3-BF4B-00C04F79EFBC}") = "Proiect", "Proiect\Proiect.csproj", "{908A4540-8860-45FB-B96C-EC9F3126E419}"
EndProject
Global
	GlobalSection(SolutionConfigurationPlatforms) = preSolution
		Debug|Any CPU = Debug|Any CPU
		Release|Any CPU = Release|Any CPU
	EndGlobalSection
	GlobalSection(ProjectConfigurationPlatforms) = postSolution
		{908A4540-8860-45FB-B96C-EC9F3126E419}.Debug|Any CPU.ActiveCfg = Debug|Any CPU
		{908A4540-8860-45FB-B96C-EC9F3126E419}.Debug|Any CPU.Build.0 = Debug|Any CPU
		{908A4540-8860-45FB-B96C-EC9F3126E419}.Release|Any CPU.ActiveCfg = Release|Any CPU
		{908A4540-8860-45FB-B96C-EC9F3126E419}.Release|Any CPU.Build.0 = Release|Any CPU
	EndGlobalSection
	GlobalSection(SolutionProperties) = preSolution
		HideSolutionNode = FALSE
	EndGlobalSection
	GlobalSection(ExtensibilityGlobals) = postSolution
		SolutionGuid = {C12C393B-86EC-41EC-A6A2-53CD9F4E1C50}
	EndGlobalSection
EndGlobal
